
Microsoft Visual Studio Solution File, Format Version 12.00
# Visual Studio Version 17
VisualStudioVersion = 17.0.31903.59
MinimumVisualStudioVersion = 10.0.40219.1
Project("{FAE04EC0-301F-11D3-BF4B-00C04F79EFBC}") = "SpaceLaunch", "SpaceLaunch\SpaceLaunch.csproj", "{178CE7B8-E2C6-4229-AE9C-17FFB63D38C3}"
EndProject
Global
	GlobalSection(SolutionConfigurationPlatforms) = preSolution
		Debug|Any CPU = Debug|Any CPU
		Release|Any CPU = Release|Any CPU
	EndGlobalSection
	GlobalSection(SolutionProperties) = preSolution
		HideSolutionNode = FALSE
	EndGlobalSection
	GlobalSection(ProjectConfigurationPlatforms) = postSolution
		{178CE7B8-E2C6-4229-AE9C-17FFB63D38C3}.Debug|Any CPU.ActiveCfg = Debug|Any CPU
		{178CE7B8-E2C6-4229-AE9C-17FFB63D38C3}.Debug|Any CPU.Build.0 = Debug|Any CPU
		{178CE7B8-E2C6-4229-AE9C-17FFB63D38C3}.Release|Any CPU.ActiveCfg = Release|Any CPU
		{178CE7B8-E2C6-4229-AE9C-17FFB63D38C3}.Release|Any CPU.Build.0 = Release|Any CPU
	EndGlobalSection
EndGlobal
